
Microsoft Visual Studio Solution File, Format Version 12.00
# Visual Studio 15
VisualStudioVersion = 15.0.27703.2000
MinimumVisualStudioVersion = 10.0.40219.1
Project("{FAE04EC0-301F-11D3-BF4B-00C04F79EFBC}") = "BL", "BL\BL.csproj", "{A62EDAAA-FA88-424B-B20F-41EBF2B270FE}"
EndProject
Global
	GlobalSection(SolutionConfigurationPlatforms) = preSolution
		Debug|Any CPU = Debug|Any CPU
		Release|Any CPU = Release|Any CPU
	EndGlobalSection
	GlobalSection(ProjectConfigurationPlatforms) = postSolution
		{A62EDAAA-FA88-424B-B20F-41EBF2B270FE}.Debug|Any CPU.ActiveCfg = Debug|Any CPU
		{A62EDAAA-FA88-424B-B20F-41EBF2B270FE}.Debug|Any CPU.Build.0 = Debug|Any CPU
		{A62EDAAA-FA88-424B-B20F-41EBF2B270FE}.Release|Any CPU.ActiveCfg = Release|Any CPU
		{A62EDAAA-FA88-424B-B20F-41EBF2B270FE}.Release|Any CPU.Build.0 = Release|Any CPU
	EndGlobalSection
	GlobalSection(SolutionProperties) = preSolution
		HideSolutionNode = FALSE
	EndGlobalSection
	GlobalSection(ExtensibilityGlobals) = postSolution
		SolutionGuid = {3E729030-C820-4D76-85DE-A0152E664D08}
	EndGlobalSection
EndGlobal
